
Microsoft Visual Studio Solution File, Format Version 12.00
# Visual Studio Version 17
VisualStudioVersion = 17.0.31903.59
MinimumVisualStudioVersion = 10.0.40219.1
Project("{FAE04EC0-301F-11D3-BF4B-00C04F79EFBC}") = "webapi", "webapi\webapi.csproj", "{2BB1CDC3-CA3E-411C-A53D-F9A3635B1C74}"
EndProject
Project("{FAE04EC0-301F-11D3-BF4B-00C04F79EFBC}") = "TestProject1", "TestProject1\TestProject1.csproj", "{2932C317-9CA3-45BB-B6C4-B4681E1F4815}"
EndProject
Global
	GlobalSection(SolutionConfigurationPlatforms) = preSolution
		Debug|Any CPU = Debug|Any CPU
		Release|Any CPU = Release|Any CPU
	EndGlobalSection
	GlobalSection(SolutionProperties) = preSolution
		HideSolutionNode = FALSE
	EndGlobalSection
	GlobalSection(ProjectConfigurationPlatforms) = postSolution
		{2BB1CDC3-CA3E-411C-A53D-F9A3635B1C74}.Debug|Any CPU.ActiveCfg = Debug|Any CPU
		{2BB1CDC3-CA3E-411C-A53D-F9A3635B1C74}.Debug|Any CPU.Build.0 = Debug|Any CPU
		{2BB1CDC3-CA3E-411C-A53D-F9A3635B1C74}.Release|Any CPU.ActiveCfg = Release|Any CPU
		{2BB1CDC3-CA3E-411C-A53D-F9A3635B1C74}.Release|Any CPU.Build.0 = Release|Any CPU
		{2932C317-9CA3-45BB-B6C4-B4681E1F4815}.Debug|Any CPU.ActiveCfg = Debug|Any CPU
		{2932C317-9CA3-45BB-B6C4-B4681E1F4815}.Debug|Any CPU.Build.0 = Debug|Any CPU
		{2932C317-9CA3-45BB-B6C4-B4681E1F4815}.Release|Any CPU.ActiveCfg = Release|Any CPU
		{2932C317-9CA3-45BB-B6C4-B4681E1F4815}.Release|Any CPU.Build.0 = Release|Any CPU
	EndGlobalSection
EndGlobal
